
Microsoft Visual Studio Solution File, Format Version 12.00
# Visual Studio 15
VisualStudioVersion = 15.0.28307.852
MinimumVisualStudioVersion = 10.0.40219.1
Project("{FAE04EC0-301F-11D3-BF4B-00C04F79EFBC}") = "VSwebsite", "VSwebsite\VSwebsite.csproj", "{51B11938-FC2F-4308-AE30-B4C5A558DEE5}"
EndProject
Global
	GlobalSection(SolutionConfigurationPlatforms) = preSolution
		Debug|Any CPU = Debug|Any CPU
		Release|Any CPU = Release|Any CPU
	EndGlobalSection
	GlobalSection(ProjectConfigurationPlatforms) = postSolution
		{51B11938-FC2F-4308-AE30-B4C5A558DEE5}.Debug|Any CPU.ActiveCfg = Debug|Any CPU
		{51B11938-FC2F-4308-AE30-B4C5A558DEE5}.Debug|Any CPU.Build.0 = Debug|Any CPU
		{51B11938-FC2F-4308-AE30-B4C5A558DEE5}.Release|Any CPU.ActiveCfg = Release|Any CPU
		{51B11938-FC2F-4308-AE30-B4C5A558DEE5}.Release|Any CPU.Build.0 = Release|Any CPU
	EndGlobalSection
	GlobalSection(SolutionProperties) = preSolution
		HideSolutionNode = FALSE
	EndGlobalSection
	GlobalSection(ExtensibilityGlobals) = postSolution
		SolutionGuid = {F0F8A9C6-25A5-4891-8C9F-DF07260DD2E1}
	EndGlobalSection
EndGlobal
